
Microsoft Visual Studio Solution File, Format Version 12.00
# Visual Studio Version 16
VisualStudioVersion = 16.0.808.10
MinimumVisualStudioVersion = 10.0.40219.1
Project("{FAE04EC0-301F-11D3-BF4B-00C04F79EFBC}") = "MyGramProject1", "MyGramProject1.csproj", "{92D03D71-FC05-4BD0-B7C2-B7132E91E7A0}"
EndProject
Global
	GlobalSection(SolutionConfigurationPlatforms) = preSolution
		Debug|Any CPU = Debug|Any CPU
		Release|Any CPU = Release|Any CPU
	EndGlobalSection
	GlobalSection(ProjectConfigurationPlatforms) = postSolution
		{92D03D71-FC05-4BD0-B7C2-B7132E91E7A0}.Debug|Any CPU.ActiveCfg = Debug|Any CPU
		{92D03D71-FC05-4BD0-B7C2-B7132E91E7A0}.Debug|Any CPU.Build.0 = Debug|Any CPU
		{92D03D71-FC05-4BD0-B7C2-B7132E91E7A0}.Release|Any CPU.ActiveCfg = Release|Any CPU
		{92D03D71-FC05-4BD0-B7C2-B7132E91E7A0}.Release|Any CPU.Build.0 = Release|Any CPU
	EndGlobalSection
	GlobalSection(SolutionProperties) = preSolution
		HideSolutionNode = FALSE
	EndGlobalSection
	GlobalSection(ExtensibilityGlobals) = postSolution
		SolutionGuid = {3BA3C9EB-1CFD-427E-9F53-D93E4C7D1801}
	EndGlobalSection
EndGlobal
